
Microsoft Visual Studio Solution File, Format Version 12.00
# Visual Studio Version 16
VisualStudioVersion = 16.0.30804.86
MinimumVisualStudioVersion = 10.0.40219.1
Project("{FAE04EC0-301F-11D3-BF4B-00C04F79EFBC}") = "ConsoleApp1", "ConsoleApp1\ConsoleApp1.csproj", "{BAE892DD-D4CC-4F9B-AB09-3DB3357871C6}"
EndProject
Global
	GlobalSection(SolutionConfigurationPlatforms) = preSolution
		Debug|Any CPU = Debug|Any CPU
		Release|Any CPU = Release|Any CPU
	EndGlobalSection
	GlobalSection(ProjectConfigurationPlatforms) = postSolution
		{BAE892DD-D4CC-4F9B-AB09-3DB3357871C6}.Debug|Any CPU.ActiveCfg = Debug|Any CPU
		{BAE892DD-D4CC-4F9B-AB09-3DB3357871C6}.Debug|Any CPU.Build.0 = Debug|Any CPU
		{BAE892DD-D4CC-4F9B-AB09-3DB3357871C6}.Release|Any CPU.ActiveCfg = Release|Any CPU
		{BAE892DD-D4CC-4F9B-AB09-3DB3357871C6}.Release|Any CPU.Build.0 = Release|Any CPU
	EndGlobalSection
	GlobalSection(SolutionProperties) = preSolution
		HideSolutionNode = FALSE
	EndGlobalSection
	GlobalSection(ExtensibilityGlobals) = postSolution
		SolutionGuid = {D558734E-3F25-4E83-9DC6-34308B4AA7EB}
	EndGlobalSection
EndGlobal
